// !$*UTF8*$!
{
	archiveVersion = 1;
	classes = {
	};
	objectVersion = 50;
	objects = {

/* Begin PBXBuildFile section */
		AC58FB90220107E4007F65F6 /* AppDelegate.swift in Sources */ = {isa = PBXBuildFile; fileRef = AC58FB8F220107E4007F65F6 /* AppDelegate.swift */; };
		AC58FB92220107E4007F65F6 /* ViewController.swift in Sources */ = {isa = PBXBuildFile; fileRef = AC58FB91220107E4007F65F6 /* ViewController.swift */; };
		AC58FB95220107E4007F65F6 /* Main.storyboard in Resources */ = {isa = PBXBuildFile; fileRef = AC58FB93220107E4007F65F6 /* Main.storyboard */; };
		AC58FB97220107E6007F65F6 /* Assets.xcassets in Resources */ = {isa = PBXBuildFile; fileRef = AC58FB96220107E6007F65F6 /* Assets.xcassets */; };
		AC58FB9A220107E6007F65F6 /* LaunchScreen.storyboard in Resources */ = {isa = PBXBuildFile; fileRef = AC58FB98220107E6007F65F6 /* LaunchScreen.storyboard */; };
		AC58FBA5220107E6007F65F6 /* CalculadoraTests.swift in Sources */ = {isa = PBXBuildFile; fileRef = AC58FBA4220107E6007F65F6 /* CalculadoraTests.swift */; };
		AC58FBB0220107E6007F65F6 /* CalculadoraUITests.swift in Sources */ = {isa = PBXBuildFile; fileRef = AC58FBAF220107E6007F65F6 /* CalculadoraUITests.swift */; };
/* End PBXBuildFile section */

/* Begin PBXContainerItemProxy section */
		AC58FBA1220107E6007F65F6 /* PBXContainerItemProxy */ = {
			isa = PBXContainerItemProxy;
			containerPortal = AC58FB84220107E4007F65F6 /* Project object */;
			proxyType = 1;
			remoteGlobalIDString = AC58FB8B220107E4007F65F6;
			remoteInfo = Calculadora;
		};
		AC58FBAC220107E6007F65F6 /* PBXContainerItemProxy */ = {
			isa = PBXContainerItemProxy;
			containerPortal = AC58FB84220107E4007F65F6 /* Project object */;
			proxyType = 1;
			remoteGlobalIDString = AC58FB8B220107E4007F65F6;
			remoteInfo = Calculadora;
		};
/* End PBXContainerItemProxy section */

/* Begin PBXFileReference section */
		AC58FB8C220107E4007F65F6 /* Calculadora.app */ = {isa = PBXFileReference; explicitFileType = wrapper.application; includeInIndex = 0; path = Calculadora.app; sourceTree = BUILT_PRODUCTS_DIR; };
		AC58FB8F220107E4007F65F6 /* AppDelegate.swift */ = {isa = PBXFileReference; lastKnownFileType = sourcecode.swift; path = AppDelegate.swift; sourceTree = "<group>"; };
		AC58FB91220107E4007F65F6 /* ViewController.swift */ = {isa = PBXFileReference; lastKnownFileType = sourcecode.swift; path = ViewController.swift; sourceTree = "<group>"; };
		AC58FB94220107E4007F65F6 /* Base */ = {isa = PBXFileReference; lastKnownFileType = file.storyboard; name = Base; path = Base.lproj/Main.storyboard; sourceTree = "<group>"; };
		AC58FB96220107E6007F65F6 /* Assets.xcassets */ = {isa = PBXFileReference; lastKnownFileType = folder.assetcatalog; path = Assets.xcassets; sourceTree = "<group>"; };
		AC58FB99220107E6007F65F6 /* Base */ = {isa = PBXFileReference; lastKnownFileType = file.storyboard; name = Base; path = Base.lproj/LaunchScreen.storyboard; sourceTree = "<group>"; };
		AC58FB9B220107E6007F65F6 /* Info.plist */ = {isa = PBXFileReference; lastKnownFileType = text.plist.xml; path = Info.plist; sourceTree = "<group>"; };
		AC58FBA0220107E6007F65F6 /* CalculadoraTests.xctest */ = {isa = PBXFileReference; explicitFileType = wrapper.cfbundle; includeInIndex = 0; path = CalculadoraTests.xctest; sourceTree = BUILT_PRODUCTS_DIR; };
		AC58FBA4220107E6007F65F6 /* CalculadoraTests.swift */ = {isa = PBXFileReference; lastKnownFileType = sourcecode.swift; path = CalculadoraTests.swift; sourceTree = "<group>"; };
		AC58FBA6220107E6007F65F6 /* Info.plist */ = {isa = PBXFileReference; lastKnownFileType = text.plist.xml; path = Info.plist; sourceTree = "<group>"; };
		AC58FBAB220107E6007F65F6 /* CalculadoraUITests.xctest */ = {isa = PBXFileReference; explicitFileType = wrapper.cfbundle; includeInIndex = 0; path = CalculadoraUITests.xctest; sourceTree = BUILT_PRODUCTS_DIR; };
		AC58FBAF220107E6007F65F6 /* CalculadoraUITests.swift */ = {isa = PBXFileReference; lastKnownFileType = sourcecode.swift; path = CalculadoraUITests.swift; sourceTree = "<group>"; };
		AC58FBB1220107E6007F65F6 /* Info.plist */ = {isa = PBXFileReference; lastKnownFileType = text.plist.xml; path = Info.plist; sourceTree = "<group>"; };
/* End PBXFileReference section */

/* Begin PBXFrameworksBuildPhase section */
		AC58FB89220107E4007F65F6 /* Frameworks */ = {
			isa = PBXFrameworksBuildPhase;
			buildActionMask = 2147483647;
			files = (
			);
			runOnlyForDeploymentPostprocessing = 0;
		};
		AC58FB9D220107E6007F65F6 /* Frameworks */ = {
			isa = PBXFrameworksBuildPhase;
			buildActionMask = 2147483647;
			files = (
			);
			runOnlyForDeploymentPostprocessing = 0;
		};
		AC58FBA8220107E6007F65F6 /* Frameworks */ = {
			isa = PBXFrameworksBuildPhase;
			buildActionMask = 2147483647;
			files = (
			);
			runOnlyForDeploymentPostprocessing = 0;
		};
/* End PBXFrameworksBuildPhase section */

/* Begin PBXGroup section */
		AC58FB83220107E4007F65F6 = {
			isa = PBXGroup;
			children = (
				AC58FB8E220107E4007F65F6 /* Calculadora */,
				AC58FBA3220107E6007F65F6 /* CalculadoraTests */,
				AC58FBAE220107E6007F65F6 /* CalculadoraUITests */,
				AC58FB8D220107E4007F65F6 /* Products */,
			);
			sourceTree = "<group>";
		};
		AC58FB8D220107E4007F65F6 /* Products */ = {
			isa = PBXGroup;
			children = (
				AC58FB8C220107E4007F65F6 /* Calculadora.app */,
				AC58FBA0220107E6007F65F6 /* CalculadoraTests.xctest */,
				AC58FBAB220107E6007F65F6 /* CalculadoraUITests.xctest */,
			);
			name = Products;
			sourceTree = "<group>";
		};
		AC58FB8E220107E4007F65F6 /* Calculadora */ = {
			isa = PBXGroup;
			children = (
				AC58FB8F220107E4007F65F6 /* AppDelegate.swift */,
				AC58FB91220107E4007F65F6 /* ViewController.swift */,
				AC58FB93220107E4007F65F6 /* Main.storyboard */,
				AC58FB96220107E6007F65F6 /* Assets.xcassets */,
				AC58FB98220107E6007F65F6 /* LaunchScreen.storyboard */,
				AC58FB9B220107E6007F65F6 /* Info.plist */,
			);
			path = Calculadora;
			sourceTree = "<group>";
		};
		AC58FBA3220107E6007F65F6 /* CalculadoraTests */ = {
			isa = PBXGroup;
			children = (
				AC58FBA4220107E6007F65F6 /* CalculadoraTests.swift */,
				AC58FBA6220107E6007F65F6 /* Info.plist */,
			);
			path = CalculadoraTests;
			sourceTree = "<group>";
		};
		AC58FBAE220107E6007F65F6 /* CalculadoraUITests */ = {
			isa = PBXGroup;
			children = (
				AC58FBAF220107E6007F65F6 /* CalculadoraUITests.swift */,
				AC58FBB1220107E6007F65F6 /* Info.plist */,
			);
			path = CalculadoraUITests;
			sourceTree = "<group>";
		};
/* End PBXGroup section */

/* Begin PBXNativeTarget section */
		AC58FB8B220107E4007F65F6 /* Calculadora */ = {
			isa = PBXNativeTarget;
			buildConfigurationList = AC58FBB4220107E6007F65F6 /* Build configuration list for PBXNativeTarget "Calculadora" */;
			buildPhases = (
				AC58FB88220107E4007F65F6 /* Sources */,
				AC58FB89220107E4007F65F6 /* Frameworks */,
				AC58FB8A220107E4007F65F6 /* Resources */,
			);
			buildRules = (
			);
			dependencies = (
			);
			name = Calculadora;
			productName = Calculadora;
			productReference = AC58FB8C220107E4007F65F6 /* Calculadora.app */;
			productType = "com.apple.product-type.application";
		};
		AC58FB9F220107E6007F65F6 /* CalculadoraTests */ = {
			isa = PBXNativeTarget;
			buildConfigurationList = AC58FBB7220107E6007F65F6 /* Build configuration list for PBXNativeTarget "CalculadoraTests" */;
			buildPhases = (
				AC58FB9C220107E6007F65F6 /* Sources */,
				AC58FB9D220107E6007F65F6 /* Frameworks */,
				AC58FB9E220107E6007F65F6 /* Resources */,
			);
			buildRules = (
			);
			dependencies = (
				AC58FBA2220107E6007F65F6 /* PBXTargetDependency */,
			);
			name = CalculadoraTests;
			productName = CalculadoraTests;
			productReference = AC58FBA0220107E6007F65F6 /* CalculadoraTests.xctest */;
			productType = "com.apple.product-type.bundle.unit-test";
		};
		AC58FBAA220107E6007F65F6 /* CalculadoraUITests */ = {
			isa = PBXNativeTarget;
			buildConfigurationList = AC58FBBA220107E6007F65F6 /* Build configuration list for PBXNativeTarget "CalculadoraUITests" */;
			buildPhases = (
				AC58FBA7220107E6007F65F6 /* Sources */,
				AC58FBA8220107E6007F65F6 /* Frameworks */,
				AC58FBA9220107E6007F65F6 /* Resources */,
			);
			buildRules = (
			);
			dependencies = (
				AC58FBAD220107E6007F65F6 /* PBXTargetDependency */,
			);
			name = CalculadoraUITests;
			productName = CalculadoraUITests;
			productReference = AC58FBAB220107E6007F65F6 /* CalculadoraUITests.xctest */;
			productType = "com.apple.product-type.bundle.ui-testing";
		};
/* End PBXNativeTarget section */

/* Begin PBXProject section */
		AC58FB84220107E4007F65F6 /* Project object */ = {
			isa = PBXProject;
			attributes = {
				LastSwiftUpdateCheck = 0940;
				LastUpgradeCheck = 0940;
				ORGANIZATIONNAME = "Usuário Convidado";
				TargetAttributes = {
					AC58FB8B220107E4007F65F6 = {
						CreatedOnToolsVersion = 9.4.1;
					};
					AC58FB9F220107E6007F65F6 = {
						CreatedOnToolsVersion = 9.4.1;
						TestTargetID = AC58FB8B220107E4007F65F6;
					};
					AC58FBAA220107E6007F65F6 = {
						CreatedOnToolsVersion = 9.4.1;
						TestTargetID = AC58FB8B220107E4007F65F6;
					};
				};
			};
			buildConfigurationList = AC58FB87220107E4007F65F6 /* Build configuration list for PBXProject "Calculadora" */;
			compatibilityVersion = "Xcode 9.3";
			developmentRegion = en;
			hasScannedForEncodings = 0;
			knownRegions = (
				en,
				Base,
			);
			mainGroup = AC58FB83220107E4007F65F6;
			productRefGroup = AC58FB8D220107E4007F65F6 /* Products */;
			projectDirPath = "";
			projectRoot = "";
			targets = (
				AC58FB8B220107E4007F65F6 /* Calculadora */,
				AC58FB9F220107E6007F65F6 /* CalculadoraTests */,
				AC58FBAA220107E6007F65F6 /* CalculadoraUITests */,
			);
		};
/* End PBXProject section */

/* Begin PBXResourcesBuildPhase section */
		AC58FB8A220107E4007F65F6 /* Resources */ = {
			isa = PBXResourcesBuildPhase;
			buildActionMask = 2147483647;
			files = (
				AC58FB9A220107E6007F65F6 /* LaunchScreen.storyboard in Resources */,
				AC58FB97220107E6007F65F6 /* Assets.xcassets in Resources */,
				AC58FB95220107E4007F65F6 /* Main.storyboard in Resources */,
			);
			runOnlyForDeploymentPostprocessing = 0;
		};
		AC58FB9E220107E6007F65F6 /* Resources */ = {
			isa = PBXResourcesBuildPhase;
			buildActionMask = 2147483647;
			files = (
			);
			runOnlyForDeploymentPostprocessing = 0;
		};
		AC58FBA9220107E6007F65F6 /* Resources */ = {
			isa = PBXResourcesBuildPhase;
			buildActionMask = 2147483647;
			files = (
			);
			runOnlyForDeploymentPostprocessing = 0;
		};
/* End PBXResourcesBuildPhase section */

/* Begin PBXSourcesBuildPhase section */
		AC58FB88220107E4007F65F6 /* Sources */ = {
			isa = PBXSourcesBuildPhase;
			buildActionMask = 2147483647;
			files = (
				AC58FB92220107E4007F65F6 /* ViewController.swift in Sources */,
				AC58FB90220107E4007F65F6 /* AppDelegate.swift in Sources */,
			);
			runOnlyForDeploymentPostprocessing = 0;
		};
		AC58FB9C220107E6007F65F6 /* Sources */ = {
			isa = PBXSourcesBuildPhase;
			buildActionMask = 2147483647;
			files = (
				AC58FBA5220107E6007F65F6 /* CalculadoraTests.swift in Sources */,
			);
			runOnlyForDeploymentPostprocessing = 0;
		};
		AC58FBA7220107E6007F65F6 /* Sources */ = {
			isa = PBXSourcesBuildPhase;
			buildActionMask = 2147483647;
			files = (
				AC58FBB0220107E6007F65F6 /* CalculadoraUITests.swift in Sources */,
			);
			runOnlyForDeploymentPostprocessing = 0;
		};
/* End PBXSourcesBuildPhase section */

/* Begin PBXTargetDependency section */
		AC58FBA2220107E6007F65F6 /* PBXTargetDependency */ = {
			isa = PBXTargetDependency;
			target = AC58FB8B220107E4007F65F6 /* Calculadora */;
			targetProxy = AC58FBA1220107E6007F65F6 /* PBXContainerItemProxy */;
		};
		AC58FBAD220107E6007F65F6 /* PBXTargetDependency */ = {
			isa = PBXTargetDependency;
			target = AC58FB8B220107E4007F65F6 /* Calculadora */;
			targetProxy = AC58FBAC220107E6007F65F6 /* PBXContainerItemProxy */;
		};
/* End PBXTargetDependency section */

/* Begin PBXVariantGroup section */
		AC58FB93220107E4007F65F6 /* Main.storyboard */ = {
			isa = PBXVariantGroup;
			children = (
				AC58FB94220107E4007F65F6 /* Base */,
			);
			name = Main.storyboard;
			sourceTree = "<group>";
		};
		AC58FB98220107E6007F65F6 /* LaunchScreen.storyboard */ = {
			isa = PBXVariantGroup;
			children = (
				AC58FB99220107E6007F65F6 /* Base */,
			);
			name = LaunchScreen.storyboard;
			sourceTree = "<group>";
		};
/* End PBXVariantGroup section */

/* Begin XCBuildConfiguration section */
		AC58FBB2220107E6007F65F6 /* Debug */ = {
			isa = XCBuildConfiguration;
			buildSettings = {
				ALWAYS_SEARCH_USER_PATHS = NO;
				CLANG_ANALYZER_NONNULL = YES;
				CLANG_ANALYZER_NUMBER_OBJECT_CONVERSION = YES_AGGRESSIVE;
				CLANG_CXX_LANGUAGE_STANDARD = "gnu++14";
				CLANG_CXX_LIBRARY = "libc++";
				CLANG_ENABLE_MODULES = YES;
				CLANG_ENABLE_OBJC_ARC = YES;
				CLANG_ENABLE_OBJC_WEAK = YES;
				CLANG_WARN_BLOCK_CAPTURE_AUTORELEASING = YES;
				CLANG_WARN_BOOL_CONVERSION = YES;
				CLANG_WARN_COMMA = YES;
				CLANG_WARN_CONSTANT_CONVERSION = YES;
				CLANG_WARN_DEPRECATED_OBJC_IMPLEMENTATIONS = YES;
				CLANG_WARN_DIRECT_OBJC_ISA_USAGE = YES_ERROR;
				CLANG_WARN_DOCUMENTATION_COMMENTS = YES;
				CLANG_WARN_EMPTY_BODY = YES;
				CLANG_WARN_ENUM_CONVERSION = YES;
				CLANG_WARN_INFINITE_RECURSION = YES;
				CLANG_WARN_INT_CONVERSION = YES;
				CLANG_WARN_NON_LITERAL_NULL_CONVERSION = YES;
				CLANG_WARN_OBJC_IMPLICIT_RETAIN_SELF = YES;
				CLANG_WARN_OBJC_LITERAL_CONVERSION = YES;
				CLANG_WARN_OBJC_ROOT_CLASS = YES_ERROR;
				CLANG_WARN_RANGE_LOOP_ANALYSIS = YES;
				CLANG_WARN_STRICT_PROTOTYPES = YES;
				CLANG_WARN_SUSPICIOUS_MOVE = YES;
				CLANG_WARN_UNGUARDED_AVAILABILITY = YES_AGGRESSIVE;
				CLANG_WARN_UNREACHABLE_CODE = YES;
				CLANG_WARN__DUPLICATE_METHOD_MATCH = YES;
				CODE_SIGN_IDENTITY = "iPhone Developer";
				COPY_PHASE_STRIP = NO;
				DEBUG_INFORMATION_FORMAT = dwarf;
				ENABLE_STRICT_OBJC_MSGSEND = YES;
				ENABLE_TESTABILITY = YES;
				GCC_C_LANGUAGE_STANDARD = gnu11;
				GCC_DYNAMIC_NO_PIC = NO;
				GCC_NO_COMMON_BLOCKS = YES;
				GCC_OPTIMIZATION_LEVEL = 0;
				GCC_PREPROCESSOR_DEFINITIONS = (
					"DEBUG=1",
					"$(inherited)",
				);
				GCC_WARN_64_TO_32_BIT_CONVERSION = YES;
				GCC_WARN_ABOUT_RETURN_TYPE = YES_ERROR;
				GCC_WARN_UNDECLARED_SELECTOR = YES;
				GCC_WARN_UNINITIALIZED_AUTOS = YES_AGGRESSIVE;
				GCC_WARN_UNUSED_FUNCTION = YES;
				GCC_WARN_UNUSED_VARIABLE = YES;
				IPHONEOS_DEPLOYMENT_TARGET = 11.4;
				MTL_ENABLE_DEBUG_INFO = YES;
				ONLY_ACTIVE_ARCH = YES;
				SDKROOT = iphoneos;
				SWIFT_ACTIVE_COMPILATION_CONDITIONS = DEBUG;
				SWIFT_OPTIMIZATION_LEVEL = "-Onone";
			};
			name = Debug;
		};
		AC58FBB3220107E6007F65F6 /* Release */ = {
			isa = XCBuildConfiguration;
			buildSettings = {
				ALWAYS_SEARCH_USER_PATHS = NO;
				CLANG_ANALYZER_NONNULL = YES;
				CLANG_ANALYZER_NUMBER_OBJECT_CONVERSION = YES_AGGRESSIVE;
				CLANG_CXX_LANGUAGE_STANDARD = "gnu++14";
				CLANG_CXX_LIBRARY = "libc++";
				CLANG_ENABLE_MODULES = YES;
				CLANG_ENABLE_OBJC_ARC = YES;
				CLANG_ENABLE_OBJC_WEAK = YES;
				CLANG_WARN_BLOCK_CAPTURE_AUTORELEASING = YES;
				CLANG_WARN_BOOL_CONVERSION = YES;
				CLANG_WARN_COMMA = YES;
				CLANG_WARN_CONSTANT_CONVERSION = YES;
				CLANG_WARN_DEPRECATED_OBJC_IMPLEMENTATIONS = YES;
				CLANG_WARN_DIRECT_OBJC_ISA_USAGE = YES_ERROR;
				CLANG_WARN_DOCUMENTATION_COMMENTS = YES;
				CLANG_WARN_EMPTY_BODY = YES;
				CLANG_WARN_ENUM_CONVERSION = YES;
				CLANG_WARN_INFINITE_RECURSION = YES;
				CLANG_WARN_INT_CONVERSION = YES;
				CLANG_WARN_NON_LITERAL_NULL_CONVERSION = YES;
				CLANG_WARN_OBJC_IMPLICIT_RETAIN_SELF = YES;
				CLANG_WARN_OBJC_LITERAL_CONVERSION = YES;
				CLANG_WARN_OBJC_ROOT_CLASS = YES_ERROR;
				CLANG_WARN_RANGE_LOOP_ANALYSIS = YES;
				CLANG_WARN_STRICT_PROTOTYPES = YES;
				CLANG_WARN_SUSPICIOUS_MOVE = YES;
				CLANG_WARN_UNGUARDED_AVAILABILITY = YES_AGGRESSIVE;
				CLANG_WARN_UNREACHABLE_CODE = YES;
				CLANG_WARN__DUPLICATE_METHOD_MATCH = YES;
				CODE_SIGN_IDENTITY = "iPhone Developer";
				COPY_PHASE_STRIP = NO;
				DEBUG_INFORMATION_FORMAT = "dwarf-with-dsym";
				ENABLE_NS_ASSERTIONS = NO;
				ENABLE_STRICT_OBJC_MSGSEND = YES;
				GCC_C_LANGUAGE_STANDARD = gnu11;
				GCC_NO_COMMON_BLOCKS = YES;
				GCC_WARN_64_TO_32_BIT_CONVERSION = YES;
				GCC_WARN_ABOUT_RETURN_TYPE = YES_ERROR;
				GCC_WARN_UNDECLARED_SELECTOR = YES;
				GCC_WARN_UNINITIALIZED_AUTOS = YES_AGGRESSIVE;
				GCC_WARN_UNUSED_FUNCTION = YES;
				GCC_WARN_UNUSED_VARIABLE = YES;
				IPHONEOS_DEPLOYMENT_TARGET = 11.4;
				MTL_ENABLE_DEBUG_INFO = NO;
				SDKROOT = iphoneos;
				SWIFT_COMPILATION_MODE = wholemodule;
				SWIFT_OPTIMIZATION_LEVEL = "-O";
				VALIDATE_PRODUCT = YES;
			};
			name = Release;
		};
		AC58FBB5220107E6007F65F6 /* Debug */ = {
			isa = XCBuildConfiguration;
			buildSettings = {
				ASSETCATALOG_COMPILER_APPICON_NAME = AppIcon;
				CODE_SIGN_STYLE = Automatic;
				INFOPLIST_FILE = Calculadora/Info.plist;
				LD_RUNPATH_SEARCH_PATHS = (
					"$(inherited)",
					"@executable_path/Frameworks",
				);
				PRODUCT_BUNDLE_IDENTIFIER = Tertuliano.Calculadora;
				PRODUCT_NAME = "$(TARGET_NAME)";
				SWIFT_VERSION = 4.0;
				TARGETED_DEVICE_FAMILY = "1,2";
			};
			name = Debug;
		};
		AC58FBB6220107E6007F65F6 /* Release */ = {
			isa = XCBuildConfiguration;
			buildSettings = {
				ASSETCATALOG_COMPILER_APPICON_NAME = AppIcon;
				CODE_SIGN_STYLE = Automatic;
				INFOPLIST_FILE = Calculadora/Info.plist;
				LD_RUNPATH_SEARCH_PATHS = (
					"$(inherited)",
					"@executable_path/Frameworks",
				);
				PRODUCT_BUNDLE_IDENTIFIER = Tertuliano.Calculadora;
				PRODUCT_NAME = "$(TARGET_NAME)";
				SWIFT_VERSION = 4.0;
				TARGETED_DEVICE_FAMILY = "1,2";
			};
			name = Release;
		};
		AC58FBB8220107E6007F65F6 /* Debug */ = {
			isa = XCBuildConfiguration;
			buildSettings = {
				ALWAYS_EMBED_SWIFT_STANDARD_LIBRARIES = YES;
				BUNDLE_LOADER = "$(TEST_HOST)";
				CODE_SIGN_STYLE = Automatic;
				INFOPLIST_FILE = CalculadoraTests/Info.plist;
				LD_RUNPATH_SEARCH_PATHS = (
					"$(inherited)",
					"@executable_path/Frameworks",
					"@loader_path/Frameworks",
				);
				PRODUCT_BUNDLE_IDENTIFIER = Tertuliano.CalculadoraTests;
				PRODUCT_NAME = "$(TARGET_NAME)";
				SWIFT_VERSION = 4.0;
				TARGETED_DEVICE_FAMILY = "1,2";
				TEST_HOST = "$(BUILT_PRODUCTS_DIR)/Calculadora.app/Calculadora";
			};
			name = Debug;
		};
		AC58FBB9220107E6007F65F6 /* Release */ = {
			isa = XCBuildConfiguration;
			buildSettings = {
				ALWAYS_EMBED_SWIFT_STANDARD_LIBRARIES = YES;
				BUNDLE_LOADER = "$(TEST_HOST)";
				CODE_SIGN_STYLE = Automatic;
				INFOPLIST_FILE = CalculadoraTests/Info.plist;
				LD_RUNPATH_SEARCH_PATHS = (
					"$(inherited)",
					"@executable_path/Frameworks",
					"@loader_path/Frameworks",
				);
				PRODUCT_BUNDLE_IDENTIFIER = Tertuliano.CalculadoraTests;
				PRODUCT_NAME = "$(TARGET_NAME)";
				SWIFT_VERSION = 4.0;
				TARGETED_DEVICE_FAMILY = "1,2";
				TEST_HOST = "$(BUILT_PRODUCTS_DIR)/Calculadora.app/Calculadora";
			};
			name = Release;
		};
		AC58FBBB220107E6007F65F6 /* Debug */ = {
			isa = XCBuildConfiguration;
			buildSettings = {
				ALWAYS_EMBED_SWIFT_STANDARD_LIBRARIES = YES;
				CODE_SIGN_STYLE = Automatic;
				INFOPLIST_FILE = CalculadoraUITests/Info.plist;
				LD_RUNPATH_SEARCH_PATHS = (
					"$(inherited)",
					"@executable_path/Frameworks",
					"@loader_path/Frameworks",
				);
				PRODUCT_BUNDLE_IDENTIFIER = Tertuliano.CalculadoraUITests;
				PRODUCT_NAME = "$(TARGET_NAME)";
				SWIFT_VERSION = 4.0;
				TARGETED_DEVICE_FAMILY = "1,2";
				TEST_TARGET_NAME = Calculadora;
			};
			name = Debug;
		};
		AC58FBBC220107E6007F65F6 /* Release */ = {
			isa = XCBuildConfiguration;
			buildSettings = {
				ALWAYS_EMBED_SWIFT_STANDARD_LIBRARIES = YES;
				CODE_SIGN_STYLE = Automatic;
				INFOPLIST_FILE = CalculadoraUITests/Info.plist;
				LD_RUNPATH_SEARCH_PATHS = (
					"$(inherited)",
					"@executable_path/Frameworks",
					"@loader_path/Frameworks",
				);
				PRODUCT_BUNDLE_IDENTIFIER = Tertuliano.CalculadoraUITests;
				PRODUCT_NAME = "$(TARGET_NAME)";
				SWIFT_VERSION = 4.0;
				TARGETED_DEVICE_FAMILY = "1,2";
				TEST_TARGET_NAME = Calculadora;
			};
			name = Release;
		};
/* End XCBuildConfiguration section */

/* Begin XCConfigurationList section */
		AC58FB87220107E4007F65F6 /* Build configuration list for PBXProject "Calculadora" */ = {
			isa = XCConfigurationList;
			buildConfigurations = (
				AC58FBB2220107E6007F65F6 /* Debug */,
				AC58FBB3220107E6007F65F6 /* Release */,
			);
			defaultConfigurationIsVisible = 0;
			defaultConfigurationName = Release;
		};
		AC58FBB4220107E6007F65F6 /* Build configuration list for PBXNativeTarget "Calculadora" */ = {
			isa = XCConfigurationList;
			buildConfigurations = (
				AC58FBB5220107E6007F65F6 /* Debug */,
				AC58FBB6220107E6007F65F6 /* Release */,
			);
			defaultConfigurationIsVisible = 0;
			defaultConfigurationName = Release;
		};
		AC58FBB7220107E6007F65F6 /* Build configuration list for PBXNativeTarget "CalculadoraTests" */ = {
			isa = XCConfigurationList;
			buildConfigurations = (
				AC58FBB8220107E6007F65F6 /* Debug */,
				AC58FBB9220107E6007F65F6 /* Release */,
			);
			defaultConfigurationIsVisible = 0;
			defaultConfigurationName = Release;
		};
		AC58FBBA220107E6007F65F6 /* Build configuration list for PBXNativeTarget "CalculadoraUITests" */ = {
			isa = XCConfigurationList;
			buildConfigurations = (
				AC58FBBB220107E6007F65F6 /* Debug */,
				AC58FBBC220107E6007F65F6 /* Release */,
			);
			defaultConfigurationIsVisible = 0;
			defaultConfigurationName = Release;
		};
/* End XCConfigurationList section */
	};
	rootObject = AC58FB84220107E4007F65F6 /* Project object */;
}
